
Microsoft Visual Studio Solution File, Format Version 12.00
# Visual Studio Version 17
VisualStudioVersion = 17.5.001.0
MinimumVisualStudioVersion = 10.0.40219.1
Project("{9A19103F-16F7-4668-BE54-9A1E7A4F7556}") = "airports.API", "airports.API.csproj", "{429F3BE5-70C3-47BA-873F-66FA98ADDB19}"
EndProject
Project("{FAE04EC0-301F-11D3-BF4B-00C04F79EFBC}") = "airports.Tests", "..\tests\airports.Tests.csproj", "{B95D3AE2-F6D9-490E-BBBD-08962F09FEC8}"
EndProject
Global
	GlobalSection(SolutionConfigurationPlatforms) = preSolution
		Debug|Any CPU = Debug|Any CPU
		Release|Any CPU = Release|Any CPU
	EndGlobalSection
	GlobalSection(ProjectConfigurationPlatforms) = postSolution
		{429F3BE5-70C3-47BA-873F-66FA98ADDB19}.Debug|Any CPU.ActiveCfg = Debug|Any CPU
		{429F3BE5-70C3-47BA-873F-66FA98ADDB19}.Debug|Any CPU.Build.0 = Debug|Any CPU
		{429F3BE5-70C3-47BA-873F-66FA98ADDB19}.Release|Any CPU.ActiveCfg = Release|Any CPU
		{429F3BE5-70C3-47BA-873F-66FA98ADDB19}.Release|Any CPU.Build.0 = Release|Any CPU
		{B95D3AE2-F6D9-490E-BBBD-08962F09FEC8}.Debug|Any CPU.ActiveCfg = Debug|Any CPU
		{B95D3AE2-F6D9-490E-BBBD-08962F09FEC8}.Debug|Any CPU.Build.0 = Debug|Any CPU
		{B95D3AE2-F6D9-490E-BBBD-08962F09FEC8}.Release|Any CPU.ActiveCfg = Release|Any CPU
		{B95D3AE2-F6D9-490E-BBBD-08962F09FEC8}.Release|Any CPU.Build.0 = Release|Any CPU
	EndGlobalSection
	GlobalSection(SolutionProperties) = preSolution
		HideSolutionNode = FALSE
	EndGlobalSection
	GlobalSection(ExtensibilityGlobals) = postSolution
		SolutionGuid = {F876A3F7-B53C-4A88-A7CA-2E303D0E98CF}
	EndGlobalSection
EndGlobal
